<Solution>
  <Folder Name="/src/">
    <Project Path="src/ProgramDesigner.Api/ProgramDesigner.Api.csproj" />
    <Project Path="src/ProgramDesigner.Application/ProgramDesigner.Application.csproj" />
    <Project Path="src/ProgramDesigner.Core/ProgramDesigner.Core.csproj" />
    <Project Path="src/ProgramDesigner.Infrastructure/ProgramDesigner.Infrastructure.csproj" />
  </Folder>
  <Folder Name="/tests/">
    <Project Path="tests/ProgramDesigner.Tests/ProgramDesigner.Tests.csproj" />
  </Folder>
</Solution>
